[
  {
    "schema": null,
    "table": "versions",
    "constraints": [
      {
        "column_name": "version",
        "constraint_type": "PRIMARY KEY"
      }
    ],
    "columns": [
      {
        "cid": 0,
        "name": "version",
        "type": "INTEGER",
        "notnull": 0,
        "dflt_value": null,
        "pk": 1,
        "hidden": 0,
        "column_name": "version",
        "udt_name": "integer",
        "is_nullable": "NO",
        "is_generated": "NO"
      },
      {
        "cid": 1,
        "name": "name",
        "type": "TEXT",
        "notnull": 0,
        "dflt_value": null,
        "pk": 0,
        "hidden": 0,
        "column_name": "name",
        "udt_name": "text",
        "is_nullable": "YES",
        "is_generated": "NO"
      },
      {
        "cid": 2,
        "name": "md5",
        "type": "TEXT",
        "notnull": 0,
        "dflt_value": null,
        "pk": 0,
        "hidden": 0,
        "column_name": "md5",
        "udt_name": "text",
        "is_nullable": "YES",
        "is_generated": "NO"
      },
      {
        "cid": 3,
        "name": "run_at",
        "type": "TIMESTAMP WITH TIME ZONE",
        "notnull": 0,
        "dflt_value": null,
        "pk": 0,
        "hidden": 0,
        "column_name": "run_at",
        "udt_name": "timestamp with time zone",
        "is_nullable": "YES",
        "is_generated": "NO"
      }
    ]
  },
  {
    "schema": null,
    "table": "Roles",
    "constraints": [
      {
        "column_name": "id",
        "constraint_type": "PRIMARY KEY"
      },
      {
        "column_name": "name",
        "constraint_type": "UNIQUE"
      }
    ],
    "columns": [
      {
        "cid": 0,
        "name": "id",
        "type": "INTEGER",
        "notnull": 0,
        "dflt_value": null,
        "pk": 1,
        "hidden": 0,
        "column_name": "id",
        "udt_name": "integer",
        "is_nullable": "NO",
        "is_generated": "NO"
      },
      {
        "cid": 1,
        "name": "name",
        "type": "TEXT",
        "notnull": 1,
        "dflt_value": null,
        "pk": 0,
        "hidden": 0,
        "column_name": "name",
        "udt_name": "text",
        "is_nullable": "NO",
        "is_generated": "NO"
      },
      {
        "cid": 2,
        "name": "created_at",
        "type": "DATETIME",
        "notnull": 0,
        "dflt_value": "CURRENT_TIMESTAMP",
        "pk": 0,
        "hidden": 0,
        "column_name": "created_at",
        "udt_name": "datetime",
        "is_nullable": "YES",
        "is_generated": "NO"
      }
    ]
  },
  {
    "schema": null,
    "table": "Users",
    "constraints": [
      {
        "column_name": "id",
        "constraint_type": "PRIMARY KEY"
      },
      {
        "column_name": "username",
        "constraint_type": "UNIQUE"
      },
      {
        "table_name": "Users",
        "column_name": "role",
        "constraint_type": "FOREIGN KEY",
        "foreign_table_name": "Roles",
        "foreign_column_name": "id",
        "loweredTableWithSchemaName": "users",
        "foreignEntityName": "role",
        "entityName": "user"
      }
    ],
    "columns": [
      {
        "cid": 0,
        "name": "id",
        "type": "INTEGER",
        "notnull": 0,
        "dflt_value": null,
        "pk": 1,
        "hidden": 0,
        "column_name": "id",
        "udt_name": "integer",
        "is_nullable": "NO",
        "is_generated": "NO"
      },
      {
        "cid": 1,
        "name": "username",
        "type": "TEXT",
        "notnull": 1,
        "dflt_value": null,
        "pk": 0,
        "hidden": 0,
        "column_name": "username",
        "udt_name": "text",
        "is_nullable": "NO",
        "is_generated": "NO"
      },
      {
        "cid": 2,
        "name": "password",
        "type": "TEXT",
        "notnull": 1,
        "dflt_value": null,
        "pk": 0,
        "hidden": 0,
        "column_name": "password",
        "udt_name": "text",
        "is_nullable": "NO",
        "is_generated": "NO"
      },
      {
        "cid": 3,
        "name": "role",
        "type": "INTEGER",
        "notnull": 0,
        "dflt_value": "3",
        "pk": 0,
        "hidden": 0,
        "column_name": "role",
        "udt_name": "integer",
        "is_nullable": "YES",
        "is_generated": "NO"
      },
      {
        "cid": 4,
        "name": "full_name",
        "type": "TEXT",
        "notnull": 1,
        "dflt_value": null,
        "pk": 0,
        "hidden": 0,
        "column_name": "full_name",
        "udt_name": "text",
        "is_nullable": "NO",
        "is_generated": "NO"
      },
      {
        "cid": 5,
        "name": "created_at",
        "type": "DATETIME",
        "notnull": 0,
        "dflt_value": "CURRENT_TIMESTAMP",
        "pk": 0,
        "hidden": 0,
        "column_name": "created_at",
        "udt_name": "datetime",
        "is_nullable": "YES",
        "is_generated": "NO"
      }
    ]
  },
  {
    "schema": null,
    "table": "Exams",
    "constraints": [
      {
        "column_name": "id",
        "constraint_type": "PRIMARY KEY"
      },
      {
        "table_name": "Exams",
        "column_name": "created_by",
        "constraint_type": "FOREIGN KEY",
        "foreign_table_name": "Users",
        "foreign_column_name": "id",
        "loweredTableWithSchemaName": "exams",
        "foreignEntityName": "user",
        "entityName": "exam"
      }
    ],
    "columns": [
      {
        "cid": 0,
        "name": "id",
        "type": "INTEGER",
        "notnull": 0,
        "dflt_value": null,
        "pk": 1,
        "hidden": 0,
        "column_name": "id",
        "udt_name": "integer",
        "is_nullable": "NO",
        "is_generated": "NO"
      },
      {
        "cid": 1,
        "name": "created_by",
        "type": "INTEGER",
        "notnull": 0,
        "dflt_value": null,
        "pk": 0,
        "hidden": 0,
        "column_name": "created_by",
        "udt_name": "integer",
        "is_nullable": "YES",
        "is_generated": "NO"
      },
      {
        "cid": 2,
        "name": "title",
        "type": "TEXT",
        "notnull": 1,
        "dflt_value": null,
        "pk": 0,
        "hidden": 0,
        "column_name": "title",
        "udt_name": "text",
        "is_nullable": "NO",
        "is_generated": "NO"
      },
      {
        "cid": 3,
        "name": "description",
        "type": "TEXT",
        "notnull": 0,
        "dflt_value": null,
        "pk": 0,
        "hidden": 0,
        "column_name": "description",
        "udt_name": "text",
        "is_nullable": "YES",
        "is_generated": "NO"
      },
      {
        "cid": 4,
        "name": "status",
        "type": "TEXT",
        "notnull": 1,
        "dflt_value": "'DRAFT'",
        "pk": 0,
        "hidden": 0,
        "column_name": "status",
        "udt_name": "text",
        "is_nullable": "NO",
        "is_generated": "NO"
      },
      {
        "cid": 5,
        "name": "created_at",
        "type": "DATETIME",
        "notnull": 0,
        "dflt_value": "CURRENT_TIMESTAMP",
        "pk": 0,
        "hidden": 0,
        "column_name": "created_at",
        "udt_name": "datetime",
        "is_nullable": "YES",
        "is_generated": "NO"
      }
    ]
  },
  {
    "schema": null,
    "table": "Questions",
    "constraints": [
      {
        "column_name": "id",
        "constraint_type": "PRIMARY KEY"
      },
      {
        "table_name": "Questions",
        "column_name": "exam_id",
        "constraint_type": "FOREIGN KEY",
        "foreign_table_name": "Exams",
        "foreign_column_name": "id",
        "loweredTableWithSchemaName": "questions",
        "foreignEntityName": "exam",
        "entityName": "question"
      }
    ],
    "columns": [
      {
        "cid": 0,
        "name": "id",
        "type": "INTEGER",
        "notnull": 0,
        "dflt_value": null,
        "pk": 1,
        "hidden": 0,
        "column_name": "id",
        "udt_name": "integer",
        "is_nullable": "NO",
        "is_generated": "NO"
      },
      {
        "cid": 1,
        "name": "exam_id",
        "type": "INTEGER",
        "notnull": 0,
        "dflt_value": null,
        "pk": 0,
        "hidden": 0,
        "column_name": "exam_id",
        "udt_name": "integer",
        "is_nullable": "YES",
        "is_generated": "NO"
      },
      {
        "cid": 2,
        "name": "title",
        "type": "TEXT",
        "notnull": 1,
        "dflt_value": null,
        "pk": 0,
        "hidden": 0,
        "column_name": "title",
        "udt_name": "text",
        "is_nullable": "NO",
        "is_generated": "NO"
      },
      {
        "cid": 3,
        "name": "description",
        "type": "TEXT",
        "notnull": 0,
        "dflt_value": null,
        "pk": 0,
        "hidden": 0,
        "column_name": "description",
        "udt_name": "text",
        "is_nullable": "YES",
        "is_generated": "NO"
      },
      {
        "cid": 4,
        "name": "status",
        "type": "TEXT",
        "notnull": 1,
        "dflt_value": "'DRAFT'",
        "pk": 0,
        "hidden": 0,
        "column_name": "status",
        "udt_name": "text",
        "is_nullable": "NO",
        "is_generated": "NO"
      },
      {
        "cid": 5,
        "name": "created_at",
        "type": "DATETIME",
        "notnull": 0,
        "dflt_value": "CURRENT_TIMESTAMP",
        "pk": 0,
        "hidden": 0,
        "column_name": "created_at",
        "udt_name": "datetime",
        "is_nullable": "YES",
        "is_generated": "NO"
      }
    ]
  },
  {
    "schema": null,
    "table": "Answers",
    "constraints": [
      {
        "column_name": "id",
        "constraint_type": "PRIMARY KEY"
      },
      {
        "table_name": "Answers",
        "column_name": "question_id",
        "constraint_type": "FOREIGN KEY",
        "foreign_table_name": "Questions",
        "foreign_column_name": "id",
        "loweredTableWithSchemaName": "answers",
        "foreignEntityName": "question",
        "entityName": "answer"
      }
    ],
    "columns": [
      {
        "cid": 0,
        "name": "id",
        "type": "INTEGER",
        "notnull": 0,
        "dflt_value": null,
        "pk": 1,
        "hidden": 0,
        "column_name": "id",
        "udt_name": "integer",
        "is_nullable": "NO",
        "is_generated": "NO"
      },
      {
        "cid": 1,
        "name": "question_id",
        "type": "INTEGER",
        "notnull": 0,
        "dflt_value": null,
        "pk": 0,
        "hidden": 0,
        "column_name": "question_id",
        "udt_name": "integer",
        "is_nullable": "YES",
        "is_generated": "NO"
      },
      {
        "cid": 2,
        "name": "description",
        "type": "TEXT\n    is_answer BOOLEAN",
        "notnull": 0,
        "dflt_value": "0",
        "pk": 0,
        "hidden": 0,
        "column_name": "description",
        "udt_name": "text\n    is_answer boolean",
        "is_nullable": "YES",
        "is_generated": "NO"
      },
      {
        "cid": 3,
        "name": "created_at",
        "type": "DATETIME",
        "notnull": 0,
        "dflt_value": "CURRENT_TIMESTAMP",
        "pk": 0,
        "hidden": 0,
        "column_name": "created_at",
        "udt_name": "datetime",
        "is_nullable": "YES",
        "is_generated": "NO"
      }
    ]
  },
  {
    "schema": null,
    "table": "Examinee_Exams",
    "constraints": [
      {
        "column_name": "id",
        "constraint_type": "PRIMARY KEY"
      },
      {
        "table_name": "Examinee_Exams",
        "column_name": "examinee_id",
        "constraint_type": "FOREIGN KEY",
        "foreign_table_name": "Users",
        "foreign_column_name": "id",
        "loweredTableWithSchemaName": "examineeExams",
        "foreignEntityName": "user",
        "entityName": "examineeExam"
      },
      {
        "table_name": "Examinee_Exams",
        "column_name": "exam_id",
        "constraint_type": "FOREIGN KEY",
        "foreign_table_name": "Exams",
        "foreign_column_name": "id",
        "loweredTableWithSchemaName": "examineeExams",
        "foreignEntityName": "exam",
        "entityName": "examineeExam"
      }
    ],
    "columns": [
      {
        "cid": 0,
        "name": "id",
        "type": "INTEGER",
        "notnull": 0,
        "dflt_value": null,
        "pk": 1,
        "hidden": 0,
        "column_name": "id",
        "udt_name": "integer",
        "is_nullable": "NO",
        "is_generated": "NO"
      },
      {
        "cid": 1,
        "name": "exam_id",
        "type": "INTEGER",
        "notnull": 0,
        "dflt_value": null,
        "pk": 0,
        "hidden": 0,
        "column_name": "exam_id",
        "udt_name": "integer",
        "is_nullable": "YES",
        "is_generated": "NO"
      },
      {
        "cid": 2,
        "name": "examinee_id",
        "type": "INTEGER",
        "notnull": 0,
        "dflt_value": null,
        "pk": 0,
        "hidden": 0,
        "column_name": "examinee_id",
        "udt_name": "integer",
        "is_nullable": "YES",
        "is_generated": "NO"
      },
      {
        "cid": 3,
        "name": "start_time",
        "type": "DATETIME",
        "notnull": 0,
        "dflt_value": null,
        "pk": 0,
        "hidden": 0,
        "column_name": "start_time",
        "udt_name": "datetime",
        "is_nullable": "YES",
        "is_generated": "NO"
      },
      {
        "cid": 4,
        "name": "duration",
        "type": "INTEGER",
        "notnull": 0,
        "dflt_value": null,
        "pk": 0,
        "hidden": 0,
        "column_name": "duration",
        "udt_name": "integer",
        "is_nullable": "YES",
        "is_generated": "NO"
      },
      {
        "cid": 5,
        "name": "status",
        "type": "TEXT",
        "notnull": 0,
        "dflt_value": null,
        "pk": 0,
        "hidden": 0,
        "column_name": "status",
        "udt_name": "text",
        "is_nullable": "YES",
        "is_generated": "NO"
      },
      {
        "cid": 6,
        "name": "created_at",
        "type": "DATETIME",
        "notnull": 0,
        "dflt_value": "CURRENT_TIMESTAMP",
        "pk": 0,
        "hidden": 0,
        "column_name": "created_at",
        "udt_name": "datetime",
        "is_nullable": "YES",
        "is_generated": "NO"
      }
    ]
  },
  {
    "schema": null,
    "table": "Examinee_Exam_Answers",
    "constraints": [
      {
        "column_name": "id",
        "constraint_type": "PRIMARY KEY"
      },
      {
        "table_name": "Examinee_Exam_Answers",
        "column_name": "answer_id",
        "constraint_type": "FOREIGN KEY",
        "foreign_table_name": "Answers",
        "foreign_column_name": "id",
        "loweredTableWithSchemaName": "examineeExamAnswers",
        "foreignEntityName": "answer",
        "entityName": "examineeExamAnswer"
      },
      {
        "table_name": "Examinee_Exam_Answers",
        "column_name": "question_id",
        "constraint_type": "FOREIGN KEY",
        "foreign_table_name": "Questions",
        "foreign_column_name": "id",
        "loweredTableWithSchemaName": "examineeExamAnswers",
        "foreignEntityName": "question",
        "entityName": "examineeExamAnswer"
      },
      {
        "table_name": "Examinee_Exam_Answers",
        "column_name": "examinee_exam_id",
        "constraint_type": "FOREIGN KEY",
        "foreign_table_name": "Examinee_Exams",
        "foreign_column_name": "id",
        "loweredTableWithSchemaName": "examineeExamAnswers",
        "foreignEntityName": "examineeExam",
        "entityName": "examineeExamAnswer"
      }
    ],
    "columns": [
      {
        "cid": 0,
        "name": "id",
        "type": "INTEGER",
        "notnull": 0,
        "dflt_value": null,
        "pk": 1,
        "hidden": 0,
        "column_name": "id",
        "udt_name": "integer",
        "is_nullable": "NO",
        "is_generated": "NO"
      },
      {
        "cid": 1,
        "name": "examinee_exam_id",
        "type": "INTEGER",
        "notnull": 0,
        "dflt_value": null,
        "pk": 0,
        "hidden": 0,
        "column_name": "examinee_exam_id",
        "udt_name": "integer",
        "is_nullable": "YES",
        "is_generated": "NO"
      },
      {
        "cid": 2,
        "name": "question_id",
        "type": "INTEGER",
        "notnull": 0,
        "dflt_value": null,
        "pk": 0,
        "hidden": 0,
        "column_name": "question_id",
        "udt_name": "integer",
        "is_nullable": "YES",
        "is_generated": "NO"
      },
      {
        "cid": 3,
        "name": "answer_id",
        "type": "INTEGER",
        "notnull": 0,
        "dflt_value": null,
        "pk": 0,
        "hidden": 0,
        "column_name": "answer_id",
        "udt_name": "integer",
        "is_nullable": "YES",
        "is_generated": "NO"
      },
      {
        "cid": 4,
        "name": "created_at",
        "type": "DATETIME",
        "notnull": 0,
        "dflt_value": "CURRENT_TIMESTAMP",
        "pk": 0,
        "hidden": 0,
        "column_name": "created_at",
        "udt_name": "datetime",
        "is_nullable": "YES",
        "is_generated": "NO"
      }
    ]
  }
]